{
  "name": "Devflow",
  "lockfileVersion": 3,
  "requires": true,
  "packages": {
    "": {
      "dependencies": {
        "@ruvector/rvagent-wasm": "^0.1.0"
      }
    },
    "node_modules/@ruvector/rvagent-wasm": {
      "version": "0.1.0",
      "resolved": "https://registry.npmjs.org/@ruvector/rvagent-wasm/-/rvagent-wasm-0.1.0.tgz",
      "integrity": "sha512-zhcnU7XfBEfDwkDFscehq6qGU/TW4LNr287xHHXCuNsaTBPlb8YSnkuMNWg6BBIK/X+UdWAsyYESN5jbNQEaBQ==",
      "license": "MIT OR Apache-2.0"
    }
  }
}
